// !$*UTF8*$!
{
	archiveVersion = 1;
	classes = {
	};
	objectVersion = 50;
	objects = {

/* Begin PBXBuildFile section */
		078C837320CFD89400C5CC2F /* AppDelegate.swift in Sources */ = {isa = PBXBuildFile; fileRef = 078C837220CFD89400C5CC2F /* AppDelegate.swift */; };
		078C837520CFD89400C5CC2F /* ViewController.swift in Sources */ = {isa = PBXBuildFile; fileRef = 078C837420CFD89400C5CC2F /* ViewController.swift */; };
		078C837820CFD89400C5CC2F /* Main.storyboard in Resources */ = {isa = PBXBuildFile; fileRef = 078C837620CFD89400C5CC2F /* Main.storyboard */; };
		078C837A20CFD89500C5CC2F /* Assets.xcassets in Resources */ = {isa = PBXBuildFile; fileRef = 078C837920CFD89500C5CC2F /* Assets.xcassets */; };
		078C837D20CFD89600C5CC2F /* LaunchScreen.storyboard in Resources */ = {isa = PBXBuildFile; fileRef = 078C837B20CFD89600C5CC2F /* LaunchScreen.storyboard */; };
		078C838820CFD89600C5CC2F /* PracticeiOSTests.swift in Sources */ = {isa = PBXBuildFile; fileRef = 078C838720CFD89600C5CC2F /* PracticeiOSTests.swift */; };
		1BA563F720D0C19800FE5953 /* ViewController2.storyboard in Resources */ = {isa = PBXBuildFile; fileRef = 1BA563F620D0C19800FE5953 /* ViewController2.storyboard */; };
/* End PBXBuildFile section */

/* Begin PBXContainerItemProxy section */
		078C838420CFD89600C5CC2F /* PBXContainerItemProxy */ = {
			isa = PBXContainerItemProxy;
			containerPortal = 078C836720CFD89400C5CC2F /* Project object */;
			proxyType = 1;
			remoteGlobalIDString = 078C836E20CFD89400C5CC2F;
			remoteInfo = PracticeiOS;
		};
/* End PBXContainerItemProxy section */

/* Begin PBXFileReference section */
		078C836F20CFD89400C5CC2F /* PracticeiOS.app */ = {isa = PBXFileReference; explicitFileType = wrapper.application; includeInIndex = 0; path = PracticeiOS.app; sourceTree = BUILT_PRODUCTS_DIR; };
		078C837220CFD89400C5CC2F /* AppDelegate.swift */ = {isa = PBXFileReference; lastKnownFileType = sourcecode.swift; path = AppDelegate.swift; sourceTree = "<group>"; };
		078C837420CFD89400C5CC2F /* ViewController.swift */ = {isa = PBXFileReference; lastKnownFileType = sourcecode.swift; path = ViewController.swift; sourceTree = "<group>"; };
		078C837720CFD89400C5CC2F /* Base */ = {isa = PBXFileReference; lastKnownFileType = file.storyboard; name = Base; path = Base.lproj/Main.storyboard; sourceTree = "<group>"; };
		078C837920CFD89500C5CC2F /* Assets.xcassets */ = {isa = PBXFileReference; lastKnownFileType = folder.assetcatalog; path = Assets.xcassets; sourceTree = "<group>"; };
		078C837C20CFD89600C5CC2F /* Base */ = {isa = PBXFileReference; lastKnownFileType = file.storyboard; name = Base; path = Base.lproj/LaunchScreen.storyboard; sourceTree = "<group>"; };
		078C837E20CFD89600C5CC2F /* Info.plist */ = {isa = PBXFileReference; lastKnownFileType = text.plist.xml; path = Info.plist; sourceTree = "<group>"; };
		078C838320CFD89600C5CC2F /* PracticeiOSTests.xctest */ = {isa = PBXFileReference; explicitFileType = wrapper.cfbundle; includeInIndex = 0; path = PracticeiOSTests.xctest; sourceTree = BUILT_PRODUCTS_DIR; };
		078C838720CFD89600C5CC2F /* PracticeiOSTests.swift */ = {isa = PBXFileReference; lastKnownFileType = sourcecode.swift; path = PracticeiOSTests.swift; sourceTree = "<group>"; };
		078C838920CFD89600C5CC2F /* Info.plist */ = {isa = PBXFileReference; lastKnownFileType = text.plist.xml; path = Info.plist; sourceTree = "<group>"; };
		1BA563F620D0C19800FE5953 /* ViewController2.storyboard */ = {isa = PBXFileReference; lastKnownFileType = file.storyboard; path = ViewController2.storyboard; sourceTree = "<group>"; };
/* End PBXFileReference section */

/* Begin PBXFrameworksBuildPhase section */
		078C836C20CFD89400C5CC2F /* Frameworks */ = {
			isa = PBXFrameworksBuildPhase;
			buildActionMask = 2147483647;
			files = (
			);
			runOnlyForDeploymentPostprocessing = 0;
		};
		078C838020CFD89600C5CC2F /* Frameworks */ = {
			isa = PBXFrameworksBuildPhase;
			buildActionMask = 2147483647;
			files = (
			);
			runOnlyForDeploymentPostprocessing = 0;
		};
/* End PBXFrameworksBuildPhase section */

/* Begin PBXGroup section */
		078C836620CFD89400C5CC2F = {
			isa = PBXGroup;
			children = (
				078C837120CFD89400C5CC2F /* PracticeiOS */,
				078C838620CFD89600C5CC2F /* PracticeiOSTests */,
				078C837020CFD89400C5CC2F /* Products */,
			);
			sourceTree = "<group>";
		};
		078C837020CFD89400C5CC2F /* Products */ = {
			isa = PBXGroup;
			children = (
				078C836F20CFD89400C5CC2F /* PracticeiOS.app */,
				078C838320CFD89600C5CC2F /* PracticeiOSTests.xctest */,
			);
			name = Products;
			sourceTree = "<group>";
		};
		078C837120CFD89400C5CC2F /* PracticeiOS */ = {
			isa = PBXGroup;
			children = (
				078C837220CFD89400C5CC2F /* AppDelegate.swift */,
				078C837420CFD89400C5CC2F /* ViewController.swift */,
				078C837620CFD89400C5CC2F /* Main.storyboard */,
				078C837920CFD89500C5CC2F /* Assets.xcassets */,
				078C837B20CFD89600C5CC2F /* LaunchScreen.storyboard */,
				078C837E20CFD89600C5CC2F /* Info.plist */,
				1BA563F620D0C19800FE5953 /* ViewController2.storyboard */,
			);
			path = PracticeiOS;
			sourceTree = "<group>";
		};
		078C838620CFD89600C5CC2F /* PracticeiOSTests */ = {
			isa = PBXGroup;
			children = (
				078C838720CFD89600C5CC2F /* PracticeiOSTests.swift */,
				078C838920CFD89600C5CC2F /* Info.plist */,
			);
			path = PracticeiOSTests;
			sourceTree = "<group>";
		};
/* End PBXGroup section */

/* Begin PBXNativeTarget section */
		078C836E20CFD89400C5CC2F /* PracticeiOS */ = {
			isa = PBXNativeTarget;
			buildConfigurationList = 078C838C20CFD89600C5CC2F /* Build configuration list for PBXNativeTarget "PracticeiOS" */;
			buildPhases = (
				078C836B20CFD89400C5CC2F /* Sources */,
				078C836C20CFD89400C5CC2F /* Frameworks */,
				078C836D20CFD89400C5CC2F /* Resources */,
			);
			buildRules = (
			);
			dependencies = (
			);
			name = PracticeiOS;
			productName = PracticeiOS;
			productReference = 078C836F20CFD89400C5CC2F /* PracticeiOS.app */;
			productType = "com.apple.product-type.application";
		};
		078C838220CFD89600C5CC2F /* PracticeiOSTests */ = {
			isa = PBXNativeTarget;
			buildConfigurationList = 078C838F20CFD89600C5CC2F /* Build configuration list for PBXNativeTarget "PracticeiOSTests" */;
			buildPhases = (
				078C837F20CFD89600C5CC2F /* Sources */,
				078C838020CFD89600C5CC2F /* Frameworks */,
				078C838120CFD89600C5CC2F /* Resources */,
			);
			buildRules = (
			);
			dependencies = (
				078C838520CFD89600C5CC2F /* PBXTargetDependency */,
			);
			name = PracticeiOSTests;
			productName = PracticeiOSTests;
			productReference = 078C838320CFD89600C5CC2F /* PracticeiOSTests.xctest */;
			productType = "com.apple.product-type.bundle.unit-test";
		};
/* End PBXNativeTarget section */

/* Begin PBXProject section */
		078C836720CFD89400C5CC2F /* Project object */ = {
			isa = PBXProject;
			attributes = {
				LastSwiftUpdateCheck = 0930;
				LastUpgradeCheck = 0930;
				ORGANIZATIONNAME = "Hayato Takemoto";
				TargetAttributes = {
					078C836E20CFD89400C5CC2F = {
						CreatedOnToolsVersion = 9.3;
					};
					078C838220CFD89600C5CC2F = {
						CreatedOnToolsVersion = 9.3;
						TestTargetID = 078C836E20CFD89400C5CC2F;
					};
				};
			};
			buildConfigurationList = 078C836A20CFD89400C5CC2F /* Build configuration list for PBXProject "PracticeiOS" */;
			compatibilityVersion = "Xcode 9.3";
			developmentRegion = en;
			hasScannedForEncodings = 0;
			knownRegions = (
				en,
				Base,
			);
			mainGroup = 078C836620CFD89400C5CC2F;
			productRefGroup = 078C837020CFD89400C5CC2F /* Products */;
			projectDirPath = "";
			projectRoot = "";
			targets = (
				078C836E20CFD89400C5CC2F /* PracticeiOS */,
				078C838220CFD89600C5CC2F /* PracticeiOSTests */,
			);
		};
/* End PBXProject section */

/* Begin PBXResourcesBuildPhase section */
		078C836D20CFD89400C5CC2F /* Resources */ = {
			isa = PBXResourcesBuildPhase;
			buildActionMask = 2147483647;
			files = (
				078C837D20CFD89600C5CC2F /* LaunchScreen.storyboard in Resources */,
				078C837A20CFD89500C5CC2F /* Assets.xcassets in Resources */,
				1BA563F720D0C19800FE5953 /* ViewController2.storyboard in Resources */,
				078C837820CFD89400C5CC2F /* Main.storyboard in Resources */,
			);
			runOnlyForDeploymentPostprocessing = 0;
		};
		078C838120CFD89600C5CC2F /* Resources */ = {
			isa = PBXResourcesBuildPhase;
			buildActionMask = 2147483647;
			files = (
			);
			runOnlyForDeploymentPostprocessing = 0;
		};
/* End PBXResourcesBuildPhase section */

/* Begin PBXSourcesBuildPhase section */
		078C836B20CFD89400C5CC2F /* Sources */ = {
			isa = PBXSourcesBuildPhase;
			buildActionMask = 2147483647;
			files = (
				078C837520CFD89400C5CC2F /* ViewController.swift in Sources */,
				078C837320CFD89400C5CC2F /* AppDelegate.swift in Sources */,
			);
			runOnlyForDeploymentPostprocessing = 0;
		};
		078C837F20CFD89600C5CC2F /* Sources */ = {
			isa = PBXSourcesBuildPhase;
			buildActionMask = 2147483647;
			files = (
				078C838820CFD89600C5CC2F /* PracticeiOSTests.swift in Sources */,
			);
			runOnlyForDeploymentPostprocessing = 0;
		};
/* End PBXSourcesBuildPhase section */

/* Begin PBXTargetDependency section */
		078C838520CFD89600C5CC2F /* PBXTargetDependency */ = {
			isa = PBXTargetDependency;
			target = 078C836E20CFD89400C5CC2F /* PracticeiOS */;
			targetProxy = 078C838420CFD89600C5CC2F /* PBXContainerItemProxy */;
		};
/* End PBXTargetDependency section */

/* Begin PBXVariantGroup section */
		078C837620CFD89400C5CC2F /* Main.storyboard */ = {
			isa = PBXVariantGroup;
			children = (
				078C837720CFD89400C5CC2F /* Base */,
			);
			name = Main.storyboard;
			sourceTree = "<group>";
		};
		078C837B20CFD89600C5CC2F /* LaunchScreen.storyboard */ = {
			isa = PBXVariantGroup;
			children = (
				078C837C20CFD89600C5CC2F /* Base */,
			);
			name = LaunchScreen.storyboard;
			sourceTree = "<group>";
		};
/* End PBXVariantGroup section */

/* Begin XCBuildConfiguration section */
		078C838A20CFD89600C5CC2F /* Debug */ = {
			isa = XCBuildConfiguration;
			buildSettings = {
				ALWAYS_SEARCH_USER_PATHS = NO;
				CLANG_ANALYZER_NONNULL = YES;
				CLANG_ANALYZER_NUMBER_OBJECT_CONVERSION = YES_AGGRESSIVE;
				CLANG_CXX_LANGUAGE_STANDARD = "gnu++14";
				CLANG_CXX_LIBRARY = "libc++";
				CLANG_ENABLE_MODULES = YES;
				CLANG_ENABLE_OBJC_ARC = YES;
				CLANG_ENABLE_OBJC_WEAK = YES;
				CLANG_WARN_BLOCK_CAPTURE_AUTORELEASING = YES;
				CLANG_WARN_BOOL_CONVERSION = YES;
				CLANG_WARN_COMMA = YES;
				CLANG_WARN_CONSTANT_CONVERSION = YES;
				CLANG_WARN_DEPRECATED_OBJC_IMPLEMENTATIONS = YES;
				CLANG_WARN_DIRECT_OBJC_ISA_USAGE = YES_ERROR;
				CLANG_WARN_DOCUMENTATION_COMMENTS = YES;
				CLANG_WARN_EMPTY_BODY = YES;
				CLANG_WARN_ENUM_CONVERSION = YES;
				CLANG_WARN_INFINITE_RECURSION = YES;
				CLANG_WARN_INT_CONVERSION = YES;
				CLANG_WARN_NON_LITERAL_NULL_CONVERSION = YES;
				CLANG_WARN_OBJC_IMPLICIT_RETAIN_SELF = YES;
				CLANG_WARN_OBJC_LITERAL_CONVERSION = YES;
				CLANG_WARN_OBJC_ROOT_CLASS = YES_ERROR;
				CLANG_WARN_RANGE_LOOP_ANALYSIS = YES;
				CLANG_WARN_STRICT_PROTOTYPES = YES;
				CLANG_WARN_SUSPICIOUS_MOVE = YES;
				CLANG_WARN_UNGUARDED_AVAILABILITY = YES_AGGRESSIVE;
				CLANG_WARN_UNREACHABLE_CODE = YES;
				CLANG_WARN__DUPLICATE_METHOD_MATCH = YES;
				CODE_SIGN_IDENTITY = "iPhone Developer";
				COPY_PHASE_STRIP = NO;
				DEBUG_INFORMATION_FORMAT = dwarf;
				ENABLE_STRICT_OBJC_MSGSEND = YES;
				ENABLE_TESTABILITY = YES;
				GCC_C_LANGUAGE_STANDARD = gnu11;
				GCC_DYNAMIC_NO_PIC = NO;
				GCC_NO_COMMON_BLOCKS = YES;
				GCC_OPTIMIZATION_LEVEL = 0;
				GCC_PREPROCESSOR_DEFINITIONS = (
					"DEBUG=1",
					"$(inherited)",
				);
				GCC_WARN_64_TO_32_BIT_CONVERSION = YES;
				GCC_WARN_ABOUT_RETURN_TYPE = YES_ERROR;
				GCC_WARN_UNDECLARED_SELECTOR = YES;
				GCC_WARN_UNINITIALIZED_AUTOS = YES_AGGRESSIVE;
				GCC_WARN_UNUSED_FUNCTION = YES;
				GCC_WARN_UNUSED_VARIABLE = YES;
				IPHONEOS_DEPLOYMENT_TARGET = 11.3;
				MTL_ENABLE_DEBUG_INFO = YES;
				ONLY_ACTIVE_ARCH = YES;
				SDKROOT = iphoneos;
				SWIFT_ACTIVE_COMPILATION_CONDITIONS = DEBUG;
				SWIFT_OPTIMIZATION_LEVEL = "-Onone";
			};
			name = Debug;
		};
		078C838B20CFD89600C5CC2F /* Release */ = {
			isa = XCBuildConfiguration;
			buildSettings = {
				ALWAYS_SEARCH_USER_PATHS = NO;
				CLANG_ANALYZER_NONNULL = YES;
				CLANG_ANALYZER_NUMBER_OBJECT_CONVERSION = YES_AGGRESSIVE;
				CLANG_CXX_LANGUAGE_STANDARD = "gnu++14";
				CLANG_CXX_LIBRARY = "libc++";
				CLANG_ENABLE_MODULES = YES;
				CLANG_ENABLE_OBJC_ARC = YES;
				CLANG_ENABLE_OBJC_WEAK = YES;
				CLANG_WARN_BLOCK_CAPTURE_AUTORELEASING = YES;
				CLANG_WARN_BOOL_CONVERSION = YES;
				CLANG_WARN_COMMA = YES;
				CLANG_WARN_CONSTANT_CONVERSION = YES;
				CLANG_WARN_DEPRECATED_OBJC_IMPLEMENTATIONS = YES;
				CLANG_WARN_DIRECT_OBJC_ISA_USAGE = YES_ERROR;
				CLANG_WARN_DOCUMENTATION_COMMENTS = YES;
				CLANG_WARN_EMPTY_BODY = YES;
				CLANG_WARN_ENUM_CONVERSION = YES;
				CLANG_WARN_INFINITE_RECURSION = YES;
				CLANG_WARN_INT_CONVERSION = YES;
				CLANG_WARN_NON_LITERAL_NULL_CONVERSION = YES;
				CLANG_WARN_OBJC_IMPLICIT_RETAIN_SELF = YES;
				CLANG_WARN_OBJC_LITERAL_CONVERSION = YES;
				CLANG_WARN_OBJC_ROOT_CLASS = YES_ERROR;
				CLANG_WARN_RANGE_LOOP_ANALYSIS = YES;
				CLANG_WARN_STRICT_PROTOTYPES = YES;
				CLANG_WARN_SUSPICIOUS_MOVE = YES;
				CLANG_WARN_UNGUARDED_AVAILABILITY = YES_AGGRESSIVE;
				CLANG_WARN_UNREACHABLE_CODE = YES;
				CLANG_WARN__DUPLICATE_METHOD_MATCH = YES;
				CODE_SIGN_IDENTITY = "iPhone Developer";
				COPY_PHASE_STRIP = NO;
				DEBUG_INFORMATION_FORMAT = "dwarf-with-dsym";
				ENABLE_NS_ASSERTIONS = NO;
				ENABLE_STRICT_OBJC_MSGSEND = YES;
				GCC_C_LANGUAGE_STANDARD = gnu11;
				GCC_NO_COMMON_BLOCKS = YES;
				GCC_WARN_64_TO_32_BIT_CONVERSION = YES;
				GCC_WARN_ABOUT_RETURN_TYPE = YES_ERROR;
				GCC_WARN_UNDECLARED_SELECTOR = YES;
				GCC_WARN_UNINITIALIZED_AUTOS = YES_AGGRESSIVE;
				GCC_WARN_UNUSED_FUNCTION = YES;
				GCC_WARN_UNUSED_VARIABLE = YES;
				IPHONEOS_DEPLOYMENT_TARGET = 11.3;
				MTL_ENABLE_DEBUG_INFO = NO;
				SDKROOT = iphoneos;
				SWIFT_COMPILATION_MODE = wholemodule;
				SWIFT_OPTIMIZATION_LEVEL = "-O";
				VALIDATE_PRODUCT = YES;
			};
			name = Release;
		};
		078C838D20CFD89600C5CC2F /* Debug */ = {
			isa = XCBuildConfiguration;
			buildSettings = {
				ASSETCATALOG_COMPILER_APPICON_NAME = AppIcon;
				CODE_SIGN_STYLE = Automatic;
				DEVELOPMENT_TEAM = C6HXF4NGQF;
				INFOPLIST_FILE = PracticeiOS/Info.plist;
				LD_RUNPATH_SEARCH_PATHS = (
					"$(inherited)",
					"@executable_path/Frameworks",
				);
				PRODUCT_BUNDLE_IDENTIFIER = "Hayato-Takemoto.PracticeiOS";
				PRODUCT_NAME = "$(TARGET_NAME)";
				SWIFT_VERSION = 4.0;
				TARGETED_DEVICE_FAMILY = "1,2";
			};
			name = Debug;
		};
		078C838E20CFD89600C5CC2F /* Release */ = {
			isa = XCBuildConfiguration;
			buildSettings = {
				ASSETCATALOG_COMPILER_APPICON_NAME = AppIcon;
				CODE_SIGN_STYLE = Automatic;
				DEVELOPMENT_TEAM = C6HXF4NGQF;
				INFOPLIST_FILE = PracticeiOS/Info.plist;
				LD_RUNPATH_SEARCH_PATHS = (
					"$(inherited)",
					"@executable_path/Frameworks",
				);
				PRODUCT_BUNDLE_IDENTIFIER = "Hayato-Takemoto.PracticeiOS";
				PRODUCT_NAME = "$(TARGET_NAME)";
				SWIFT_VERSION = 4.0;
				TARGETED_DEVICE_FAMILY = "1,2";
			};
			name = Release;
		};
		078C839020CFD89600C5CC2F /* Debug */ = {
			isa = XCBuildConfiguration;
			buildSettings = {
				ALWAYS_EMBED_SWIFT_STANDARD_LIBRARIES = YES;
				BUNDLE_LOADER = "$(TEST_HOST)";
				CODE_SIGN_STYLE = Automatic;
				DEVELOPMENT_TEAM = C6HXF4NGQF;
				INFOPLIST_FILE = PracticeiOSTests/Info.plist;
				LD_RUNPATH_SEARCH_PATHS = (
					"$(inherited)",
					"@executable_path/Frameworks",
					"@loader_path/Frameworks",
				);
				PRODUCT_BUNDLE_IDENTIFIER = "Hayato-Takemoto.PracticeiOSTests";
				PRODUCT_NAME = "$(TARGET_NAME)";
				SWIFT_VERSION = 4.0;
				TARGETED_DEVICE_FAMILY = "1,2";
				TEST_HOST = "$(BUILT_PRODUCTS_DIR)/PracticeiOS.app/PracticeiOS";
			};
			name = Debug;
		};
		078C839120CFD89600C5CC2F /* Release */ = {
			isa = XCBuildConfiguration;
			buildSettings = {
				ALWAYS_EMBED_SWIFT_STANDARD_LIBRARIES = YES;
				BUNDLE_LOADER = "$(TEST_HOST)";
				CODE_SIGN_STYLE = Automatic;
				DEVELOPMENT_TEAM = C6HXF4NGQF;
				INFOPLIST_FILE = PracticeiOSTests/Info.plist;
				LD_RUNPATH_SEARCH_PATHS = (
					"$(inherited)",
					"@executable_path/Frameworks",
					"@loader_path/Frameworks",
				);
				PRODUCT_BUNDLE_IDENTIFIER = "Hayato-Takemoto.PracticeiOSTests";
				PRODUCT_NAME = "$(TARGET_NAME)";
				SWIFT_VERSION = 4.0;
				TARGETED_DEVICE_FAMILY = "1,2";
				TEST_HOST = "$(BUILT_PRODUCTS_DIR)/PracticeiOS.app/PracticeiOS";
			};
			name = Release;
		};
/* End XCBuildConfiguration section */

/* Begin XCConfigurationList section */
		078C836A20CFD89400C5CC2F /* Build configuration list for PBXProject "PracticeiOS" */ = {
			isa = XCConfigurationList;
			buildConfigurations = (
				078C838A20CFD89600C5CC2F /* Debug */,
				078C838B20CFD89600C5CC2F /* Release */,
			);
			defaultConfigurationIsVisible = 0;
			defaultConfigurationName = Release;
		};
		078C838C20CFD89600C5CC2F /* Build configuration list for PBXNativeTarget "PracticeiOS" */ = {
			isa = XCConfigurationList;
			buildConfigurations = (
				078C838D20CFD89600C5CC2F /* Debug */,
				078C838E20CFD89600C5CC2F /* Release */,
			);
			defaultConfigurationIsVisible = 0;
			defaultConfigurationName = Release;
		};
		078C838F20CFD89600C5CC2F /* Build configuration list for PBXNativeTarget "PracticeiOSTests" */ = {
			isa = XCConfigurationList;
			buildConfigurations = (
				078C839020CFD89600C5CC2F /* Debug */,
				078C839120CFD89600C5CC2F /* Release */,
			);
			defaultConfigurationIsVisible = 0;
			defaultConfigurationName = Release;
		};
/* End XCConfigurationList section */
	};
	rootObject = 078C836720CFD89400C5CC2F /* Project object */;
}
